
Microsoft Visual Studio Solution File, Format Version 12.00
# Visual Studio Version 16
VisualStudioVersion = 16.0.31515.178
MinimumVisualStudioVersion = 10.0.40219.1
Project("{8BC9CEB8-8B4A-11D0-8D11-00A0C91BC942}") = "FENCE", "FENCE\FENCE.vcxproj", "{B11845F8-4E10-4CA5-93B0-373B6E64E11B}"
EndProject
Global
	GlobalSection(SolutionConfigurationPlatforms) = preSolution
		Debug|x64 = Debug|x64
		Debug|x86 = Debug|x86
		Release|x64 = Release|x64
		Release|x86 = Release|x86
	EndGlobalSection
	GlobalSection(ProjectConfigurationPlatforms) = postSolution
		{B11845F8-4E10-4CA5-93B0-373B6E64E11B}.Debug|x64.ActiveCfg = Debug|x64
		{B11845F8-4E10-4CA5-93B0-373B6E64E11B}.Debug|x64.Build.0 = Debug|x64
		{B11845F8-4E10-4CA5-93B0-373B6E64E11B}.Debug|x86.ActiveCfg = Debug|Win32
		{B11845F8-4E10-4CA5-93B0-373B6E64E11B}.Debug|x86.Build.0 = Debug|Win32
		{B11845F8-4E10-4CA5-93B0-373B6E64E11B}.Release|x64.ActiveCfg = Release|x64
		{B11845F8-4E10-4CA5-93B0-373B6E64E11B}.Release|x64.Build.0 = Release|x64
		{B11845F8-4E10-4CA5-93B0-373B6E64E11B}.Release|x86.ActiveCfg = Release|Win32
		{B11845F8-4E10-4CA5-93B0-373B6E64E11B}.Release|x86.Build.0 = Release|Win32
	EndGlobalSection
	GlobalSection(SolutionProperties) = preSolution
		HideSolutionNode = FALSE
	EndGlobalSection
	GlobalSection(ExtensibilityGlobals) = postSolution
		SolutionGuid = {0DB766E3-492C-4A93-8539-C0AB5E4389FF}
	EndGlobalSection
EndGlobal
